// !$*UTF8*$!
{
	archiveVersion = 1;
	classes = {
	};
	objectVersion = 77;
	objects = {

/* Begin PBXBuildFile section */
		AA11AA11AA11AA11AA110003 /* WispersConnect in Frameworks */ = {isa = PBXBuildFile; productRef = AA11AA11AA11AA11AA110002 /* WispersConnect */; };
		CC33CC33CC33CC33CC330003 /* LLHTTP in Frameworks */ = {isa = PBXBuildFile; productRef = CC33CC33CC33CC33CC330002 /* LLHTTP */; };
/* End PBXBuildFile section */

/* Begin PBXContainerItemProxy section */
		64AAA7352FF5BFA50081A7F3 /* PBXContainerItemProxy */ = {
			isa = PBXContainerItemProxy;
			containerPortal = 64AAA71F2FF5BFA50081A7F3 /* Project object */;
			proxyType = 1;
			remoteGlobalIDString = 64AAA7262FF5BFA50081A7F3;
			remoteInfo = "Wispers Access";
		};
		64AAA73F2FF5BFA50081A7F3 /* PBXContainerItemProxy */ = {
			isa = PBXContainerItemProxy;
			containerPortal = 64AAA71F2FF5BFA50081A7F3 /* Project object */;
			proxyType = 1;
			remoteGlobalIDString = 64AAA7262FF5BFA50081A7F3;
			remoteInfo = "Wispers Access";
		};
/* End PBXContainerItemProxy section */

/* Begin PBXFileReference section */
		64AAA7272FF5BFA50081A7F3 /* Wispers Access.app */ = {isa = PBXFileReference; explicitFileType = wrapper.application; includeInIndex = 0; path = "Wispers Access.app"; sourceTree = BUILT_PRODUCTS_DIR; };
		64AAA7342FF5BFA50081A7F3 /* Wispers AccessTests.xctest */ = {isa = PBXFileReference; explicitFileType = wrapper.cfbundle; includeInIndex = 0; path = "Wispers AccessTests.xctest"; sourceTree = BUILT_PRODUCTS_DIR; };
		64AAA73E2FF5BFA50081A7F3 /* Wispers AccessUITests.xctest */ = {isa = PBXFileReference; explicitFileType = wrapper.cfbundle; includeInIndex = 0; path = "Wispers AccessUITests.xctest"; sourceTree = BUILT_PRODUCTS_DIR; };
/* End PBXFileReference section */

/* Begin PBXFileSystemSynchronizedRootGroup section */
		64AAA7292FF5BFA50081A7F3 /* Wispers Access */ = {
			isa = PBXFileSystemSynchronizedRootGroup;
			path = "Wispers Access";
			sourceTree = "<group>";
		};
		64AAA7372FF5BFA50081A7F3 /* Wispers AccessTests */ = {
			isa = PBXFileSystemSynchronizedRootGroup;
			path = "Wispers AccessTests";
			sourceTree = "<group>";
		};
		64AAA7412FF5BFA50081A7F3 /* Wispers AccessUITests */ = {
			isa = PBXFileSystemSynchronizedRootGroup;
			path = "Wispers AccessUITests";
			sourceTree = "<group>";
		};
/* End PBXFileSystemSynchronizedRootGroup section */

/* Begin PBXFrameworksBuildPhase section */
		64AAA7242FF5BFA50081A7F3 /* Frameworks */ = {
			isa = PBXFrameworksBuildPhase;
			buildActionMask = 2147483647;
			files = (
				AA11AA11AA11AA11AA110003 /* WispersConnect in Frameworks */,
				CC33CC33CC33CC33CC330003 /* LLHTTP in Frameworks */,
			);
			runOnlyForDeploymentPostprocessing = 0;
		};
		64AAA7312FF5BFA50081A7F3 /* Frameworks */ = {
			isa = PBXFrameworksBuildPhase;
			buildActionMask = 2147483647;
			files = (
			);
			runOnlyForDeploymentPostprocessing = 0;
		};
		64AAA73B2FF5BFA50081A7F3 /* Frameworks */ = {
			isa = PBXFrameworksBuildPhase;
			buildActionMask = 2147483647;
			files = (
			);
			runOnlyForDeploymentPostprocessing = 0;
		};
/* End PBXFrameworksBuildPhase section */

/* Begin PBXGroup section */
		64AAA71E2FF5BFA50081A7F3 = {
			isa = PBXGroup;
			children = (
				64AAA7292FF5BFA50081A7F3 /* Wispers Access */,
				64AAA7372FF5BFA50081A7F3 /* Wispers AccessTests */,
				64AAA7412FF5BFA50081A7F3 /* Wispers AccessUITests */,
				64AAA7282FF5BFA50081A7F3 /* Products */,
			);
			sourceTree = "<group>";
		};
		64AAA7282FF5BFA50081A7F3 /* Products */ = {
			isa = PBXGroup;
			children = (
				64AAA7272FF5BFA50081A7F3 /* Wispers Access.app */,
				64AAA7342FF5BFA50081A7F3 /* Wispers AccessTests.xctest */,
				64AAA73E2FF5BFA50081A7F3 /* Wispers AccessUITests.xctest */,
			);
			name = Products;
			sourceTree = "<group>";
		};
/* End PBXGroup section */

/* Begin PBXNativeTarget section */
		64AAA7262FF5BFA50081A7F3 /* Wispers Access */ = {
			isa = PBXNativeTarget;
			buildConfigurationList = 64AAA7482FF5BFA50081A7F3 /* Build configuration list for PBXNativeTarget "Wispers Access" */;
			buildPhases = (
				64AAA7232FF5BFA50081A7F3 /* Sources */,
				64AAA7242FF5BFA50081A7F3 /* Frameworks */,
				64AAA7252FF5BFA50081A7F3 /* Resources */,
			);
			buildRules = (
			);
			dependencies = (
			);
			fileSystemSynchronizedGroups = (
				64AAA7292FF5BFA50081A7F3 /* Wispers Access */,
			);
			name = "Wispers Access";
			packageProductDependencies = (
				AA11AA11AA11AA11AA110002 /* WispersConnect */,
				CC33CC33CC33CC33CC330002 /* LLHTTP */,
			);
			productName = "Wispers Access";
			productReference = 64AAA7272FF5BFA50081A7F3 /* Wispers Access.app */;
			productType = "com.apple.product-type.application";
		};
		64AAA7332FF5BFA50081A7F3 /* Wispers AccessTests */ = {
			isa = PBXNativeTarget;
			buildConfigurationList = 64AAA74B2FF5BFA50081A7F3 /* Build configuration list for PBXNativeTarget "Wispers AccessTests" */;
			buildPhases = (
				64AAA7302FF5BFA50081A7F3 /* Sources */,
				64AAA7312FF5BFA50081A7F3 /* Frameworks */,
				64AAA7322FF5BFA50081A7F3 /* Resources */,
			);
			buildRules = (
			);
			dependencies = (
				64AAA7362FF5BFA50081A7F3 /* PBXTargetDependency */,
			);
			fileSystemSynchronizedGroups = (
				64AAA7372FF5BFA50081A7F3 /* Wispers AccessTests */,
			);
			name = "Wispers AccessTests";
			packageProductDependencies = (
			);
			productName = "Wispers AccessTests";
			productReference = 64AAA7342FF5BFA50081A7F3 /* Wispers AccessTests.xctest */;
			productType = "com.apple.product-type.bundle.unit-test";
		};
		64AAA73D2FF5BFA50081A7F3 /* Wispers AccessUITests */ = {
			isa = PBXNativeTarget;
			buildConfigurationList = 64AAA74E2FF5BFA50081A7F3 /* Build configuration list for PBXNativeTarget "Wispers AccessUITests" */;
			buildPhases = (
				64AAA73A2FF5BFA50081A7F3 /* Sources */,
				64AAA73B2FF5BFA50081A7F3 /* Frameworks */,
				64AAA73C2FF5BFA50081A7F3 /* Resources */,
			);
			buildRules = (
			);
			dependencies = (
				64AAA7402FF5BFA50081A7F3 /* PBXTargetDependency */,
			);
			fileSystemSynchronizedGroups = (
				64AAA7412FF5BFA50081A7F3 /* Wispers AccessUITests */,
			);
			name = "Wispers AccessUITests";
			packageProductDependencies = (
			);
			productName = "Wispers AccessUITests";
			productReference = 64AAA73E2FF5BFA50081A7F3 /* Wispers AccessUITests.xctest */;
			productType = "com.apple.product-type.bundle.ui-testing";
		};
/* End PBXNativeTarget section */

/* Begin PBXProject section */
		64AAA71F2FF5BFA50081A7F3 /* Project object */ = {
			isa = PBXProject;
			attributes = {
				BuildIndependentTargetsInParallel = 1;
				LastSwiftUpdateCheck = 2630;
				LastUpgradeCheck = 2630;
				TargetAttributes = {
					64AAA7262FF5BFA50081A7F3 = {
						CreatedOnToolsVersion = 26.3;
					};
					64AAA7332FF5BFA50081A7F3 = {
						CreatedOnToolsVersion = 26.3;
						TestTargetID = 64AAA7262FF5BFA50081A7F3;
					};
					64AAA73D2FF5BFA50081A7F3 = {
						CreatedOnToolsVersion = 26.3;
						TestTargetID = 64AAA7262FF5BFA50081A7F3;
					};
				};
			};
			buildConfigurationList = 64AAA7222FF5BFA50081A7F3 /* Build configuration list for PBXProject "Wispers Access" */;
			developmentRegion = en;
			hasScannedForEncodings = 0;
			knownRegions = (
				en,
				Base,
			);
			mainGroup = 64AAA71E2FF5BFA50081A7F3;
			minimizedProjectReferenceProxies = 1;
			packageReferences = (
				AA11AA11AA11AA11AA110001 /* XCRemoteSwiftPackageReference "wispers-client" */,
				CC33CC33CC33CC33CC330001 /* XCLocalSwiftPackageReference "LLHTTP" */,
			);
			preferredProjectObjectVersion = 77;
			productRefGroup = 64AAA7282FF5BFA50081A7F3 /* Products */;
			projectDirPath = "";
			projectRoot = "";
			targets = (
				64AAA7262FF5BFA50081A7F3 /* Wispers Access */,
				64AAA7332FF5BFA50081A7F3 /* Wispers AccessTests */,
				64AAA73D2FF5BFA50081A7F3 /* Wispers AccessUITests */,
			);
		};
/* End PBXProject section */

/* Begin PBXResourcesBuildPhase section */
		64AAA7252FF5BFA50081A7F3 /* Resources */ = {
			isa = PBXResourcesBuildPhase;
			buildActionMask = 2147483647;
			files = (
			);
			runOnlyForDeploymentPostprocessing = 0;
		};
		64AAA7322FF5BFA50081A7F3 /* Resources */ = {
			isa = PBXResourcesBuildPhase;
			buildActionMask = 2147483647;
			files = (
			);
			runOnlyForDeploymentPostprocessing = 0;
		};
		64AAA73C2FF5BFA50081A7F3 /* Resources */ = {
			isa = PBXResourcesBuildPhase;
			buildActionMask = 2147483647;
			files = (
			);
			runOnlyForDeploymentPostprocessing = 0;
		};
/* End PBXResourcesBuildPhase section */

/* Begin PBXSourcesBuildPhase section */
		64AAA7232FF5BFA50081A7F3 /* Sources */ = {
			isa = PBXSourcesBuildPhase;
			buildActionMask = 2147483647;
			files = (
			);
			runOnlyForDeploymentPostprocessing = 0;
		};
		64AAA7302FF5BFA50081A7F3 /* Sources */ = {
			isa = PBXSourcesBuildPhase;
			buildActionMask = 2147483647;
			files = (
			);
			runOnlyForDeploymentPostprocessing = 0;
		};
		64AAA73A2FF5BFA50081A7F3 /* Sources */ = {
			isa = PBXSourcesBuildPhase;
			buildActionMask = 2147483647;
			files = (
			);
			runOnlyForDeploymentPostprocessing = 0;
		};
/* End PBXSourcesBuildPhase section */

/* Begin PBXTargetDependency section */
		64AAA7362FF5BFA50081A7F3 /* PBXTargetDependency */ = {
			isa = PBXTargetDependency;
			target = 64AAA7262FF5BFA50081A7F3 /* Wispers Access */;
			targetProxy = 64AAA7352FF5BFA50081A7F3 /* PBXContainerItemProxy */;
		};
		64AAA7402FF5BFA50081A7F3 /* PBXTargetDependency */ = {
			isa = PBXTargetDependency;
			target = 64AAA7262FF5BFA50081A7F3 /* Wispers Access */;
			targetProxy = 64AAA73F2FF5BFA50081A7F3 /* PBXContainerItemProxy */;
		};
/* End PBXTargetDependency section */

/* Begin XCBuildConfiguration section */
		64AAA7462FF5BFA50081A7F3 /* Debug */ = {
			isa = XCBuildConfiguration;
			buildSettings = {
				ALWAYS_SEARCH_USER_PATHS = NO;
				ASSETCATALOG_COMPILER_GENERATE_SWIFT_ASSET_SYMBOL_EXTENSIONS = YES;
				CLANG_ANALYZER_NONNULL = YES;
				CLANG_ANALYZER_NUMBER_OBJECT_CONVERSION = YES_AGGRESSIVE;
				CLANG_CXX_LANGUAGE_STANDARD = "gnu++20";
				CLANG_ENABLE_MODULES = YES;
				CLANG_ENABLE_OBJC_ARC = YES;
				CLANG_ENABLE_OBJC_WEAK = YES;
				CLANG_WARN_BLOCK_CAPTURE_AUTORELEASING = YES;
				CLANG_WARN_BOOL_CONVERSION = YES;
				CLANG_WARN_COMMA = YES;
				CLANG_WARN_CONSTANT_CONVERSION = YES;
				CLANG_WARN_DEPRECATED_OBJC_IMPLEMENTATIONS = YES;
				CLANG_WARN_DIRECT_OBJC_ISA_USAGE = YES_ERROR;
				CLANG_WARN_DOCUMENTATION_COMMENTS = YES;
				CLANG_WARN_EMPTY_BODY = YES;
				CLANG_WARN_ENUM_CONVERSION = YES;
				CLANG_WARN_INFINITE_RECURSION = YES;
				CLANG_WARN_INT_CONVERSION = YES;
				CLANG_WARN_NON_LITERAL_NULL_CONVERSION = YES;
				CLANG_WARN_OBJC_IMPLICIT_RETAIN_SELF = YES;
				CLANG_WARN_OBJC_LITERAL_CONVERSION = YES;
				CLANG_WARN_OBJC_ROOT_CLASS = YES_ERROR;
				CLANG_WARN_QUOTED_INCLUDE_IN_FRAMEWORK_HEADER = YES;
				CLANG_WARN_RANGE_LOOP_ANALYSIS = YES;
				CLANG_WARN_STRICT_PROTOTYPES = YES;
				CLANG_WARN_SUSPICIOUS_MOVE = YES;
				CLANG_WARN_UNGUARDED_AVAILABILITY = YES_AGGRESSIVE;
				CLANG_WARN_UNREACHABLE_CODE = YES;
				CLANG_WARN__DUPLICATE_METHOD_MATCH = YES;
				COPY_PHASE_STRIP = NO;
				DEBUG_INFORMATION_FORMAT = dwarf;
				DEVELOPMENT_TEAM = 772R4ZYGRF;
				ENABLE_STRICT_OBJC_MSGSEND = YES;
				ENABLE_TESTABILITY = YES;
				ENABLE_USER_SCRIPT_SANDBOXING = YES;
				GCC_C_LANGUAGE_STANDARD = gnu17;
				GCC_DYNAMIC_NO_PIC = NO;
				GCC_NO_COMMON_BLOCKS = YES;
				GCC_OPTIMIZATION_LEVEL = 0;
				GCC_PREPROCESSOR_DEFINITIONS = (
					"DEBUG=1",
					"$(inherited)",
				);
				GCC_WARN_64_TO_32_BIT_CONVERSION = YES;
				GCC_WARN_ABOUT_RETURN_TYPE = YES_ERROR;
				GCC_WARN_UNDECLARED_SELECTOR = YES;
				GCC_WARN_UNINITIALIZED_AUTOS = YES_AGGRESSIVE;
				GCC_WARN_UNUSED_FUNCTION = YES;
				GCC_WARN_UNUSED_VARIABLE = YES;
				IPHONEOS_DEPLOYMENT_TARGET = 26.2;
				LOCALIZATION_PREFERS_STRING_CATALOGS = YES;
				MTL_ENABLE_DEBUG_INFO = INCLUDE_SOURCE;
				MTL_FAST_MATH = YES;
				ONLY_ACTIVE_ARCH = YES;
				SDKROOT = iphoneos;
				SWIFT_ACTIVE_COMPILATION_CONDITIONS = "DEBUG $(inherited)";
				SWIFT_OPTIMIZATION_LEVEL = "-Onone";
			};
			name = Debug;
		};
		64AAA7472FF5BFA50081A7F3 /* Release */ = {
			isa = XCBuildConfiguration;
			buildSettings = {
				ALWAYS_SEARCH_USER_PATHS = NO;
				ASSETCATALOG_COMPILER_GENERATE_SWIFT_ASSET_SYMBOL_EXTENSIONS = YES;
				CLANG_ANALYZER_NONNULL = YES;
				CLANG_ANALYZER_NUMBER_OBJECT_CONVERSION = YES_AGGRESSIVE;
				CLANG_CXX_LANGUAGE_STANDARD = "gnu++20";
				CLANG_ENABLE_MODULES = YES;
				CLANG_ENABLE_OBJC_ARC = YES;
				CLANG_ENABLE_OBJC_WEAK = YES;
				CLANG_WARN_BLOCK_CAPTURE_AUTORELEASING = YES;
				CLANG_WARN_BOOL_CONVERSION = YES;
				CLANG_WARN_COMMA = YES;
				CLANG_WARN_CONSTANT_CONVERSION = YES;
				CLANG_WARN_DEPRECATED_OBJC_IMPLEMENTATIONS = YES;
				CLANG_WARN_DIRECT_OBJC_ISA_USAGE = YES_ERROR;
				CLANG_WARN_DOCUMENTATION_COMMENTS = YES;
				CLANG_WARN_EMPTY_BODY = YES;
				CLANG_WARN_ENUM_CONVERSION = YES;
				CLANG_WARN_INFINITE_RECURSION = YES;
				CLANG_WARN_INT_CONVERSION = YES;
				CLANG_WARN_NON_LITERAL_NULL_CONVERSION = YES;
				CLANG_WARN_OBJC_IMPLICIT_RETAIN_SELF = YES;
				CLANG_WARN_OBJC_LITERAL_CONVERSION = YES;
				CLANG_WARN_OBJC_ROOT_CLASS = YES_ERROR;
				CLANG_WARN_QUOTED_INCLUDE_IN_FRAMEWORK_HEADER = YES;
				CLANG_WARN_RANGE_LOOP_ANALYSIS = YES;
				CLANG_WARN_STRICT_PROTOTYPES = YES;
				CLANG_WARN_SUSPICIOUS_MOVE = YES;
				CLANG_WARN_UNGUARDED_AVAILABILITY = YES_AGGRESSIVE;
				CLANG_WARN_UNREACHABLE_CODE = YES;
				CLANG_WARN__DUPLICATE_METHOD_MATCH = YES;
				COPY_PHASE_STRIP = NO;
				DEBUG_INFORMATION_FORMAT = "dwarf-with-dsym";
				DEVELOPMENT_TEAM = 772R4ZYGRF;
				ENABLE_NS_ASSERTIONS = NO;
				ENABLE_STRICT_OBJC_MSGSEND = YES;
				ENABLE_USER_SCRIPT_SANDBOXING = YES;
				GCC_C_LANGUAGE_STANDARD = gnu17;
				GCC_NO_COMMON_BLOCKS = YES;
				GCC_WARN_64_TO_32_BIT_CONVERSION = YES;
				GCC_WARN_ABOUT_RETURN_TYPE = YES_ERROR;
				GCC_WARN_UNDECLARED_SELECTOR = YES;
				GCC_WARN_UNINITIALIZED_AUTOS = YES_AGGRESSIVE;
				GCC_WARN_UNUSED_FUNCTION = YES;
				GCC_WARN_UNUSED_VARIABLE = YES;
				IPHONEOS_DEPLOYMENT_TARGET = 26.2;
				LOCALIZATION_PREFERS_STRING_CATALOGS = YES;
				MTL_ENABLE_DEBUG_INFO = NO;
				MTL_FAST_MATH = YES;
				SDKROOT = iphoneos;
				SWIFT_COMPILATION_MODE = wholemodule;
				VALIDATE_PRODUCT = YES;
			};
			name = Release;
		};
		64AAA7492FF5BFA50081A7F3 /* Debug */ = {
			isa = XCBuildConfiguration;
			buildSettings = {
				ASSETCATALOG_COMPILER_APPICON_NAME = AppIcon;
				ASSETCATALOG_COMPILER_GLOBAL_ACCENT_COLOR_NAME = AccentColor;
				CODE_SIGN_STYLE = Automatic;
				CURRENT_PROJECT_VERSION = 2;
				DEVELOPMENT_TEAM = 772R4ZYGRF;
				ENABLE_PREVIEWS = YES;
				GENERATE_INFOPLIST_FILE = YES;
				INFOPLIST_FILE = Info.plist;
				INFOPLIST_KEY_NSCameraUsageDescription = "Used to scan a share's invite QR code so you can join it.";
				INFOPLIST_KEY_NSLocalNetworkUsageDescription = "Used to connect directly to shared apps on devices in your network.";
				INFOPLIST_KEY_UIApplicationSceneManifest_Generation = YES;
				INFOPLIST_KEY_UIApplicationSupportsIndirectInputEvents = YES;
				INFOPLIST_KEY_UILaunchScreen_Generation = YES;
				INFOPLIST_KEY_UISupportedInterfaceOrientations_iPad = "UIInterfaceOrientationPortrait UIInterfaceOrientationPortraitUpsideDown UIInterfaceOrientationLandscapeLeft UIInterfaceOrientationLandscapeRight";
				INFOPLIST_KEY_UISupportedInterfaceOrientations_iPhone = "UIInterfaceOrientationPortrait UIInterfaceOrientationLandscapeLeft UIInterfaceOrientationLandscapeRight";
				LD_RUNPATH_SEARCH_PATHS = (
					"$(inherited)",
					"@executable_path/Frameworks",
				);
				MARKETING_VERSION = 0.1.1;
				PRODUCT_BUNDLE_IDENTIFIER = dev.wispers.access.ios;
				PRODUCT_NAME = "$(TARGET_NAME)";
				STRING_CATALOG_GENERATE_SYMBOLS = YES;
				SWIFT_APPROACHABLE_CONCURRENCY = YES;
				SWIFT_DEFAULT_ACTOR_ISOLATION = MainActor;
				SWIFT_EMIT_LOC_STRINGS = YES;
				SWIFT_UPCOMING_FEATURE_MEMBER_IMPORT_VISIBILITY = YES;
				SWIFT_VERSION = 5.0;
				TARGETED_DEVICE_FAMILY = 1;
			};
			name = Debug;
		};
		64AAA74A2FF5BFA50081A7F3 /* Release */ = {
			isa = XCBuildConfiguration;
			buildSettings = {
				ASSETCATALOG_COMPILER_APPICON_NAME = AppIcon;
				ASSETCATALOG_COMPILER_GLOBAL_ACCENT_COLOR_NAME = AccentColor;
				CODE_SIGN_STYLE = Automatic;
				CURRENT_PROJECT_VERSION = 2;
				DEVELOPMENT_TEAM = 772R4ZYGRF;
				ENABLE_PREVIEWS = YES;
				GENERATE_INFOPLIST_FILE = YES;
				INFOPLIST_FILE = Info.plist;
				INFOPLIST_KEY_NSCameraUsageDescription = "Used to scan a share's invite QR code so you can join it.";
				INFOPLIST_KEY_NSLocalNetworkUsageDescription = "Used to connect directly to shared apps on devices in your network.";
				INFOPLIST_KEY_UIApplicationSceneManifest_Generation = YES;
				INFOPLIST_KEY_UIApplicationSupportsIndirectInputEvents = YES;
				INFOPLIST_KEY_UILaunchScreen_Generation = YES;
				INFOPLIST_KEY_UISupportedInterfaceOrientations_iPad = "UIInterfaceOrientationPortrait UIInterfaceOrientationPortraitUpsideDown UIInterfaceOrientationLandscapeLeft UIInterfaceOrientationLandscapeRight";
				INFOPLIST_KEY_UISupportedInterfaceOrientations_iPhone = "UIInterfaceOrientationPortrait UIInterfaceOrientationLandscapeLeft UIInterfaceOrientationLandscapeRight";
				LD_RUNPATH_SEARCH_PATHS = (
					"$(inherited)",
					"@executable_path/Frameworks",
				);
				MARKETING_VERSION = 0.1.1;
				PRODUCT_BUNDLE_IDENTIFIER = dev.wispers.access.ios;
				PRODUCT_NAME = "$(TARGET_NAME)";
				STRING_CATALOG_GENERATE_SYMBOLS = YES;
				SWIFT_APPROACHABLE_CONCURRENCY = YES;
				SWIFT_DEFAULT_ACTOR_ISOLATION = MainActor;
				SWIFT_EMIT_LOC_STRINGS = YES;
				SWIFT_UPCOMING_FEATURE_MEMBER_IMPORT_VISIBILITY = YES;
				SWIFT_VERSION = 5.0;
				TARGETED_DEVICE_FAMILY = 1;
			};
			name = Release;
		};
		64AAA74C2FF5BFA50081A7F3 /* Debug */ = {
			isa = XCBuildConfiguration;
			buildSettings = {
				BUNDLE_LOADER = "$(TEST_HOST)";
				CODE_SIGN_STYLE = Automatic;
				CURRENT_PROJECT_VERSION = 2;
				DEVELOPMENT_TEAM = 772R4ZYGRF;
				GENERATE_INFOPLIST_FILE = YES;
				IPHONEOS_DEPLOYMENT_TARGET = 26.2;
				MARKETING_VERSION = 1.0;
				PRODUCT_BUNDLE_IDENTIFIER = "dev.wispers.access.Wispers-AccessTests";
				PRODUCT_NAME = "$(TARGET_NAME)";
				STRING_CATALOG_GENERATE_SYMBOLS = NO;
				SWIFT_APPROACHABLE_CONCURRENCY = YES;
				SWIFT_EMIT_LOC_STRINGS = NO;
				SWIFT_UPCOMING_FEATURE_MEMBER_IMPORT_VISIBILITY = YES;
				SWIFT_VERSION = 5.0;
				TARGETED_DEVICE_FAMILY = 1;
				TEST_HOST = "$(BUILT_PRODUCTS_DIR)/Wispers Access.app/$(BUNDLE_EXECUTABLE_FOLDER_PATH)/Wispers Access";
			};
			name = Debug;
		};
		64AAA74D2FF5BFA50081A7F3 /* Release */ = {
			isa = XCBuildConfiguration;
			buildSettings = {
				BUNDLE_LOADER = "$(TEST_HOST)";
				CODE_SIGN_STYLE = Automatic;
				CURRENT_PROJECT_VERSION = 2;
				DEVELOPMENT_TEAM = 772R4ZYGRF;
				GENERATE_INFOPLIST_FILE = YES;
				IPHONEOS_DEPLOYMENT_TARGET = 26.2;
				MARKETING_VERSION = 1.0;
				PRODUCT_BUNDLE_IDENTIFIER = "dev.wispers.access.Wispers-AccessTests";
				PRODUCT_NAME = "$(TARGET_NAME)";
				STRING_CATALOG_GENERATE_SYMBOLS = NO;
				SWIFT_APPROACHABLE_CONCURRENCY = YES;
				SWIFT_EMIT_LOC_STRINGS = NO;
				SWIFT_UPCOMING_FEATURE_MEMBER_IMPORT_VISIBILITY = YES;
				SWIFT_VERSION = 5.0;
				TARGETED_DEVICE_FAMILY = 1;
				TEST_HOST = "$(BUILT_PRODUCTS_DIR)/Wispers Access.app/$(BUNDLE_EXECUTABLE_FOLDER_PATH)/Wispers Access";
			};
			name = Release;
		};
		64AAA74F2FF5BFA50081A7F3 /* Debug */ = {
			isa = XCBuildConfiguration;
			buildSettings = {
				CODE_SIGN_STYLE = Automatic;
				CURRENT_PROJECT_VERSION = 2;
				DEVELOPMENT_TEAM = 772R4ZYGRF;
				GENERATE_INFOPLIST_FILE = YES;
				MARKETING_VERSION = 1.0;
				PRODUCT_BUNDLE_IDENTIFIER = "dev.wispers.access.Wispers-AccessUITests";
				PRODUCT_NAME = "$(TARGET_NAME)";
				STRING_CATALOG_GENERATE_SYMBOLS = NO;
				SWIFT_APPROACHABLE_CONCURRENCY = YES;
				SWIFT_EMIT_LOC_STRINGS = NO;
				SWIFT_UPCOMING_FEATURE_MEMBER_IMPORT_VISIBILITY = YES;
				SWIFT_VERSION = 5.0;
				TARGETED_DEVICE_FAMILY = 1;
				TEST_TARGET_NAME = "Wispers Access";
			};
			name = Debug;
		};
		64AAA7502FF5BFA50081A7F3 /* Release */ = {
			isa = XCBuildConfiguration;
			buildSettings = {
				CODE_SIGN_STYLE = Automatic;
				CURRENT_PROJECT_VERSION = 2;
				DEVELOPMENT_TEAM = 772R4ZYGRF;
				GENERATE_INFOPLIST_FILE = YES;
				MARKETING_VERSION = 1.0;
				PRODUCT_BUNDLE_IDENTIFIER = "dev.wispers.access.Wispers-AccessUITests";
				PRODUCT_NAME = "$(TARGET_NAME)";
				STRING_CATALOG_GENERATE_SYMBOLS = NO;
				SWIFT_APPROACHABLE_CONCURRENCY = YES;
				SWIFT_EMIT_LOC_STRINGS = NO;
				SWIFT_UPCOMING_FEATURE_MEMBER_IMPORT_VISIBILITY = YES;
				SWIFT_VERSION = 5.0;
				TARGETED_DEVICE_FAMILY = 1;
				TEST_TARGET_NAME = "Wispers Access";
			};
			name = Release;
		};
/* End XCBuildConfiguration section */

/* Begin XCConfigurationList section */
		64AAA7222FF5BFA50081A7F3 /* Build configuration list for PBXProject "Wispers Access" */ = {
			isa = XCConfigurationList;
			buildConfigurations = (
				64AAA7462FF5BFA50081A7F3 /* Debug */,
				64AAA7472FF5BFA50081A7F3 /* Release */,
			);
			defaultConfigurationIsVisible = 0;
			defaultConfigurationName = Release;
		};
		64AAA7482FF5BFA50081A7F3 /* Build configuration list for PBXNativeTarget "Wispers Access" */ = {
			isa = XCConfigurationList;
			buildConfigurations = (
				64AAA7492FF5BFA50081A7F3 /* Debug */,
				64AAA74A2FF5BFA50081A7F3 /* Release */,
			);
			defaultConfigurationIsVisible = 0;
			defaultConfigurationName = Release;
		};
		64AAA74B2FF5BFA50081A7F3 /* Build configuration list for PBXNativeTarget "Wispers AccessTests" */ = {
			isa = XCConfigurationList;
			buildConfigurations = (
				64AAA74C2FF5BFA50081A7F3 /* Debug */,
				64AAA74D2FF5BFA50081A7F3 /* Release */,
			);
			defaultConfigurationIsVisible = 0;
			defaultConfigurationName = Release;
		};
		64AAA74E2FF5BFA50081A7F3 /* Build configuration list for PBXNativeTarget "Wispers AccessUITests" */ = {
			isa = XCConfigurationList;
			buildConfigurations = (
				64AAA74F2FF5BFA50081A7F3 /* Debug */,
				64AAA7502FF5BFA50081A7F3 /* Release */,
			);
			defaultConfigurationIsVisible = 0;
			defaultConfigurationName = Release;
		};
/* End XCConfigurationList section */

/* Begin XCLocalSwiftPackageReference section */
		CC33CC33CC33CC33CC330001 /* XCLocalSwiftPackageReference "LLHTTP" */ = {
			isa = XCLocalSwiftPackageReference;
			relativePath = LLHTTP;
		};
/* End XCLocalSwiftPackageReference section */

/* Begin XCRemoteSwiftPackageReference section */
		AA11AA11AA11AA11AA110001 /* XCRemoteSwiftPackageReference "wispers-client" */ = {
			isa = XCRemoteSwiftPackageReference;
			repositoryURL = "https://github.com/s-te-ch/wispers-client";
			requirement = {
				kind = upToNextMinorVersion;
				minimumVersion = 0.12.0;
			};
		};
/* End XCRemoteSwiftPackageReference section */

/* Begin XCSwiftPackageProductDependency section */
		AA11AA11AA11AA11AA110002 /* WispersConnect */ = {
			isa = XCSwiftPackageProductDependency;
			package = AA11AA11AA11AA11AA110001 /* XCRemoteSwiftPackageReference "wispers-client" */;
			productName = WispersConnect;
		};
		CC33CC33CC33CC33CC330002 /* LLHTTP */ = {
			isa = XCSwiftPackageProductDependency;
			productName = LLHTTP;
		};
/* End XCSwiftPackageProductDependency section */
	};
	rootObject = 64AAA71F2FF5BFA50081A7F3 /* Project object */;
}
