{
  "originHash": "d404e0c95c23767adf5f7a51ca34564b6bdb91ffcb2fc67baf3e901b0912028f",
  "pins": [
    {
      "identity": "wispers-client",
      "kind": "remoteSourceControl",
      "location": "https://github.com/s-te-ch/wispers-client",
      "state": {
        "revision": "638ea5f5cb7a3ff2d24a28eed2f9977d84e51665",
        "version": "0.14.0"
      }
    }
  ],
  "version": 3
}