{
  "originHash" : "d404e0c95c23767adf5f7a51ca34564b6bdb91ffcb2fc67baf3e901b0912028f",
  "pins" : [
    {
      "identity" : "wispers-client",
      "kind" : "remoteSourceControl",
      "location" : "https://github.com/s-te-ch/wispers-client",
      "state" : {
        "revision" : "46529015e7288993b758aba1913b694f7e999cb8",
        "version" : "0.12.0"
      }
    }
  ],
  "version" : 3
}
